// !$*UTF8*$!
{
	archiveVersion = 1;
	classes = {
	};
	objectVersion = 46;
	objects = {

/* Begin PBXBuildFile section */
		260290CF1E6D6062004B1EAB /* AppDelegate.swift in Sources */ = {isa = PBXBuildFile; fileRef = 260290CE1E6D6062004B1EAB /* AppDelegate.swift */; };
		260290D41E6D6062004B1EAB /* Main.storyboard in Resources */ = {isa = PBXBuildFile; fileRef = 260290D21E6D6062004B1EAB /* Main.storyboard */; };
		260290D61E6D6062004B1EAB /* Assets.xcassets in Resources */ = {isa = PBXBuildFile; fileRef = 260290D51E6D6062004B1EAB /* Assets.xcassets */; };
		260290D91E6D6062004B1EAB /* LaunchScreen.storyboard in Resources */ = {isa = PBXBuildFile; fileRef = 260290D71E6D6062004B1EAB /* LaunchScreen.storyboard */; };
		260290E31E6D649F004B1EAB /* ChecklistTableViewController.swift in Sources */ = {isa = PBXBuildFile; fileRef = 260290E21E6D649F004B1EAB /* ChecklistTableViewController.swift */; };
		260290E51E6D6D89004B1EAB /* ChecklistItem.swift in Sources */ = {isa = PBXBuildFile; fileRef = 260290E41E6D6D89004B1EAB /* ChecklistItem.swift */; };
		26C0420D1E6EE44900AC6260 /* AddItemViewController.swift in Sources */ = {isa = PBXBuildFile; fileRef = 26C0420C1E6EE44900AC6260 /* AddItemViewController.swift */; };
		26F97D551EA7D94000B5455D /* ItemTableViewCell.swift in Sources */ = {isa = PBXBuildFile; fileRef = 26F97D541EA7D94000B5455D /* ItemTableViewCell.swift */; };
/* End PBXBuildFile section */

/* Begin PBXFileReference section */
		260290CB1E6D6062004B1EAB /* Checklists.app */ = {isa = PBXFileReference; explicitFileType = wrapper.application; includeInIndex = 0; path = Checklists.app; sourceTree = BUILT_PRODUCTS_DIR; };
		260290CE1E6D6062004B1EAB /* AppDelegate.swift */ = {isa = PBXFileReference; lastKnownFileType = sourcecode.swift; path = AppDelegate.swift; sourceTree = "<group>"; };
		260290D31E6D6062004B1EAB /* Base */ = {isa = PBXFileReference; lastKnownFileType = file.storyboard; name = Base; path = Base.lproj/Main.storyboard; sourceTree = "<group>"; };
		260290D51E6D6062004B1EAB /* Assets.xcassets */ = {isa = PBXFileReference; lastKnownFileType = folder.assetcatalog; path = Assets.xcassets; sourceTree = "<group>"; };
		260290D81E6D6062004B1EAB /* Base */ = {isa = PBXFileReference; lastKnownFileType = file.storyboard; name = Base; path = Base.lproj/LaunchScreen.storyboard; sourceTree = "<group>"; };
		260290DA1E6D6062004B1EAB /* Info.plist */ = {isa = PBXFileReference; lastKnownFileType = text.plist.xml; path = Info.plist; sourceTree = "<group>"; };
		260290E21E6D649F004B1EAB /* ChecklistTableViewController.swift */ = {isa = PBXFileReference; fileEncoding = 4; lastKnownFileType = sourcecode.swift; name = ChecklistTableViewController.swift; path = ../ChecklistTableViewController.swift; sourceTree = "<group>"; };
		260290E41E6D6D89004B1EAB /* ChecklistItem.swift */ = {isa = PBXFileReference; fileEncoding = 4; lastKnownFileType = sourcecode.swift; path = ChecklistItem.swift; sourceTree = "<group>"; };
		26C0420C1E6EE44900AC6260 /* AddItemViewController.swift */ = {isa = PBXFileReference; fileEncoding = 4; lastKnownFileType = sourcecode.swift; name = AddItemViewController.swift; path = ../AddItemViewController.swift; sourceTree = "<group>"; };
		26F97D541EA7D94000B5455D /* ItemTableViewCell.swift */ = {isa = PBXFileReference; fileEncoding = 4; lastKnownFileType = sourcecode.swift; path = ItemTableViewCell.swift; sourceTree = "<group>"; };
/* End PBXFileReference section */

/* Begin PBXFrameworksBuildPhase section */
		260290C81E6D6062004B1EAB /* Frameworks */ = {
			isa = PBXFrameworksBuildPhase;
			buildActionMask = 2147483647;
			files = (
			);
			runOnlyForDeploymentPostprocessing = 0;
		};
/* End PBXFrameworksBuildPhase section */

/* Begin PBXGroup section */
		260290C21E6D6062004B1EAB = {
			isa = PBXGroup;
			children = (
				260290CD1E6D6062004B1EAB /* Checklists */,
				260290CC1E6D6062004B1EAB /* Products */,
			);
			sourceTree = "<group>";
		};
		260290CC1E6D6062004B1EAB /* Products */ = {
			isa = PBXGroup;
			children = (
				260290CB1E6D6062004B1EAB /* Checklists.app */,
			);
			name = Products;
			sourceTree = "<group>";
		};
		260290CD1E6D6062004B1EAB /* Checklists */ = {
			isa = PBXGroup;
			children = (
				260290CE1E6D6062004B1EAB /* AppDelegate.swift */,
				260290E41E6D6D89004B1EAB /* ChecklistItem.swift */,
				260290E21E6D649F004B1EAB /* ChecklistTableViewController.swift */,
				26C0420C1E6EE44900AC6260 /* AddItemViewController.swift */,
				260290D21E6D6062004B1EAB /* Main.storyboard */,
				26F97D541EA7D94000B5455D /* ItemTableViewCell.swift */,
				260290D51E6D6062004B1EAB /* Assets.xcassets */,
				260290D71E6D6062004B1EAB /* LaunchScreen.storyboard */,
				260290DA1E6D6062004B1EAB /* Info.plist */,
			);
			path = Checklists;
			sourceTree = "<group>";
		};
/* End PBXGroup section */

/* Begin PBXNativeTarget section */
		260290CA1E6D6062004B1EAB /* Checklists */ = {
			isa = PBXNativeTarget;
			buildConfigurationList = 260290DD1E6D6062004B1EAB /* Build configuration list for PBXNativeTarget "Checklists" */;
			buildPhases = (
				260290C71E6D6062004B1EAB /* Sources */,
				260290C81E6D6062004B1EAB /* Frameworks */,
				260290C91E6D6062004B1EAB /* Resources */,
			);
			buildRules = (
			);
			dependencies = (
			);
			name = Checklists;
			productName = Checklists;
			productReference = 260290CB1E6D6062004B1EAB /* Checklists.app */;
			productType = "com.apple.product-type.application";
		};
/* End PBXNativeTarget section */

/* Begin PBXProject section */
		260290C31E6D6062004B1EAB /* Project object */ = {
			isa = PBXProject;
			attributes = {
				LastSwiftUpdateCheck = 0820;
				LastUpgradeCheck = 0820;
				ORGANIZATIONNAME = "Maged Kasem";
				TargetAttributes = {
					260290CA1E6D6062004B1EAB = {
						CreatedOnToolsVersion = 8.2.1;
						DevelopmentTeam = 6N79N5TMUW;
						ProvisioningStyle = Automatic;
					};
				};
			};
			buildConfigurationList = 260290C61E6D6062004B1EAB /* Build configuration list for PBXProject "Checklists" */;
			compatibilityVersion = "Xcode 3.2";
			developmentRegion = English;
			hasScannedForEncodings = 0;
			knownRegions = (
				en,
				Base,
			);
			mainGroup = 260290C21E6D6062004B1EAB;
			productRefGroup = 260290CC1E6D6062004B1EAB /* Products */;
			projectDirPath = "";
			projectRoot = "";
			targets = (
				260290CA1E6D6062004B1EAB /* Checklists */,
			);
		};
/* End PBXProject section */

/* Begin PBXResourcesBuildPhase section */
		260290C91E6D6062004B1EAB /* Resources */ = {
			isa = PBXResourcesBuildPhase;
			buildActionMask = 2147483647;
			files = (
				260290D91E6D6062004B1EAB /* LaunchScreen.storyboard in Resources */,
				260290D61E6D6062004B1EAB /* Assets.xcassets in Resources */,
				260290D41E6D6062004B1EAB /* Main.storyboard in Resources */,
			);
			runOnlyForDeploymentPostprocessing = 0;
		};
/* End PBXResourcesBuildPhase section */

/* Begin PBXSourcesBuildPhase section */
		260290C71E6D6062004B1EAB /* Sources */ = {
			isa = PBXSourcesBuildPhase;
			buildActionMask = 2147483647;
			files = (
				260290E31E6D649F004B1EAB /* ChecklistTableViewController.swift in Sources */,
				26C0420D1E6EE44900AC6260 /* AddItemViewController.swift in Sources */,
				26F97D551EA7D94000B5455D /* ItemTableViewCell.swift in Sources */,
				260290E51E6D6D89004B1EAB /* ChecklistItem.swift in Sources */,
				260290CF1E6D6062004B1EAB /* AppDelegate.swift in Sources */,
			);
			runOnlyForDeploymentPostprocessing = 0;
		};
/* End PBXSourcesBuildPhase section */

/* Begin PBXVariantGroup section */
		260290D21E6D6062004B1EAB /* Main.storyboard */ = {
			isa = PBXVariantGroup;
			children = (
				260290D31E6D6062004B1EAB /* Base */,
			);
			name = Main.storyboard;
			sourceTree = "<group>";
		};
		260290D71E6D6062004B1EAB /* LaunchScreen.storyboard */ = {
			isa = PBXVariantGroup;
			children = (
				260290D81E6D6062004B1EAB /* Base */,
			);
			name = LaunchScreen.storyboard;
			sourceTree = "<group>";
		};
/* End PBXVariantGroup section */

/* Begin XCBuildConfiguration section */
		260290DB1E6D6062004B1EAB /* Debug */ = {
			isa = XCBuildConfiguration;
			buildSettings = {
				ALWAYS_SEARCH_USER_PATHS = NO;
				CLANG_ANALYZER_NONNULL = YES;
				CLANG_CXX_LANGUAGE_STANDARD = "gnu++0x";
				CLANG_CXX_LIBRARY = "libc++";
				CLANG_ENABLE_MODULES = YES;
				CLANG_ENABLE_OBJC_ARC = YES;
				CLANG_WARN_BOOL_CONVERSION = YES;
				CLANG_WARN_CONSTANT_CONVERSION = YES;
				CLANG_WARN_DIRECT_OBJC_ISA_USAGE = YES_ERROR;
				CLANG_WARN_DOCUMENTATION_COMMENTS = YES;
				CLANG_WARN_EMPTY_BODY = YES;
				CLANG_WARN_ENUM_CONVERSION = YES;
				CLANG_WARN_INFINITE_RECURSION = YES;
				CLANG_WARN_INT_CONVERSION = YES;
				CLANG_WARN_OBJC_ROOT_CLASS = YES_ERROR;
				CLANG_WARN_SUSPICIOUS_MOVE = YES;
				CLANG_WARN_UNREACHABLE_CODE = YES;
				CLANG_WARN__DUPLICATE_METHOD_MATCH = YES;
				"CODE_SIGN_IDENTITY[sdk=iphoneos*]" = "iPhone Developer";
				COPY_PHASE_STRIP = NO;
				DEBUG_INFORMATION_FORMAT = dwarf;
				ENABLE_STRICT_OBJC_MSGSEND = YES;
				ENABLE_TESTABILITY = YES;
				GCC_C_LANGUAGE_STANDARD = gnu99;
				GCC_DYNAMIC_NO_PIC = NO;
				GCC_NO_COMMON_BLOCKS = YES;
				GCC_OPTIMIZATION_LEVEL = 0;
				GCC_PREPROCESSOR_DEFINITIONS = (
					"DEBUG=1",
					"$(inherited)",
				);
				GCC_WARN_64_TO_32_BIT_CONVERSION = YES;
				GCC_WARN_ABOUT_RETURN_TYPE = YES_ERROR;
				GCC_WARN_UNDECLARED_SELECTOR = YES;
				GCC_WARN_UNINITIALIZED_AUTOS = YES_AGGRESSIVE;
				GCC_WARN_UNUSED_FUNCTION = YES;
				GCC_WARN_UNUSED_VARIABLE = YES;
				IPHONEOS_DEPLOYMENT_TARGET = 10.2;
				MTL_ENABLE_DEBUG_INFO = YES;
				ONLY_ACTIVE_ARCH = YES;
				SDKROOT = iphoneos;
				SWIFT_ACTIVE_COMPILATION_CONDITIONS = DEBUG;
				SWIFT_OPTIMIZATION_LEVEL = "-Onone";
				TARGETED_DEVICE_FAMILY = "1,2";
			};
			name = Debug;
		};
		260290DC1E6D6062004B1EAB /* Release */ = {
			isa = XCBuildConfiguration;
			buildSettings = {
				ALWAYS_SEARCH_USER_PATHS = NO;
				CLANG_ANALYZER_NONNULL = YES;
				CLANG_CXX_LANGUAGE_STANDARD = "gnu++0x";
				CLANG_CXX_LIBRARY = "libc++";
				CLANG_ENABLE_MODULES = YES;
				CLANG_ENABLE_OBJC_ARC = YES;
				CLANG_WARN_BOOL_CONVERSION = YES;
				CLANG_WARN_CONSTANT_CONVERSION = YES;
				CLANG_WARN_DIRECT_OBJC_ISA_USAGE = YES_ERROR;
				CLANG_WARN_DOCUMENTATION_COMMENTS = YES;
				CLANG_WARN_EMPTY_BODY = YES;
				CLANG_WARN_ENUM_CONVERSION = YES;
				CLANG_WARN_INFINITE_RECURSION = YES;
				CLANG_WARN_INT_CONVERSION = YES;
				CLANG_WARN_OBJC_ROOT_CLASS = YES_ERROR;
				CLANG_WARN_SUSPICIOUS_MOVE = YES;
				CLANG_WARN_UNREACHABLE_CODE = YES;
				CLANG_WARN__DUPLICATE_METHOD_MATCH = YES;
				"CODE_SIGN_IDENTITY[sdk=iphoneos*]" = "iPhone Developer";
				COPY_PHASE_STRIP = NO;
				DEBUG_INFORMATION_FORMAT = "dwarf-with-dsym";
				ENABLE_NS_ASSERTIONS = NO;
				ENABLE_STRICT_OBJC_MSGSEND = YES;
				GCC_C_LANGUAGE_STANDARD = gnu99;
				GCC_NO_COMMON_BLOCKS = YES;
				GCC_WARN_64_TO_32_BIT_CONVERSION = YES;
				GCC_WARN_ABOUT_RETURN_TYPE = YES_ERROR;
				GCC_WARN_UNDECLARED_SELECTOR = YES;
				GCC_WARN_UNINITIALIZED_AUTOS = YES_AGGRESSIVE;
				GCC_WARN_UNUSED_FUNCTION = YES;
				GCC_WARN_UNUSED_VARIABLE = YES;
				IPHONEOS_DEPLOYMENT_TARGET = 10.2;
				MTL_ENABLE_DEBUG_INFO = NO;
				SDKROOT = iphoneos;
				SWIFT_OPTIMIZATION_LEVEL = "-Owholemodule";
				TARGETED_DEVICE_FAMILY = "1,2";
				VALIDATE_PRODUCT = YES;
			};
			name = Release;
		};
		260290DE1E6D6062004B1EAB /* Debug */ = {
			isa = XCBuildConfiguration;
			buildSettings = {
				ASSETCATALOG_COMPILER_APPICON_NAME = AppIcon;
				DEVELOPMENT_TEAM = 6N79N5TMUW;
				INFOPLIST_FILE = Checklists/Info.plist;
				LD_RUNPATH_SEARCH_PATHS = "$(inherited) @executable_path/Frameworks";
				PRODUCT_BUNDLE_IDENTIFIER = Simple.Checklists;
				PRODUCT_NAME = "$(TARGET_NAME)";
				SWIFT_VERSION = 3.0;
			};
			name = Debug;
		};
		260290DF1E6D6062004B1EAB /* Release */ = {
			isa = XCBuildConfiguration;
			buildSettings = {
				ASSETCATALOG_COMPILER_APPICON_NAME = AppIcon;
				DEVELOPMENT_TEAM = 6N79N5TMUW;
				INFOPLIST_FILE = Checklists/Info.plist;
				LD_RUNPATH_SEARCH_PATHS = "$(inherited) @executable_path/Frameworks";
				PRODUCT_BUNDLE_IDENTIFIER = Simple.Checklists;
				PRODUCT_NAME = "$(TARGET_NAME)";
				SWIFT_VERSION = 3.0;
			};
			name = Release;
		};
/* End XCBuildConfiguration section */

/* Begin XCConfigurationList section */
		260290C61E6D6062004B1EAB /* Build configuration list for PBXProject "Checklists" */ = {
			isa = XCConfigurationList;
			buildConfigurations = (
				260290DB1E6D6062004B1EAB /* Debug */,
				260290DC1E6D6062004B1EAB /* Release */,
			);
			defaultConfigurationIsVisible = 0;
			defaultConfigurationName = Release;
		};
		260290DD1E6D6062004B1EAB /* Build configuration list for PBXNativeTarget "Checklists" */ = {
			isa = XCConfigurationList;
			buildConfigurations = (
				260290DE1E6D6062004B1EAB /* Debug */,
				260290DF1E6D6062004B1EAB /* Release */,
			);
			defaultConfigurationIsVisible = 0;
			defaultConfigurationName = Release;
		};
/* End XCConfigurationList section */
	};
	rootObject = 260290C31E6D6062004B1EAB /* Project object */;
}
