// !$*UTF8*$!
{
	archiveVersion = 1;
	classes = {
	};
	objectVersion = 46;
	objects = {

/* Begin PBXBuildFile section */
		26E67F5C1EA7E6BC00DB8D26 /* AppDelegate.swift in Sources */ = {isa = PBXBuildFile; fileRef = 26E67F5B1EA7E6BC00DB8D26 /* AppDelegate.swift */; };
		26E67F5E1EA7E6BC00DB8D26 /* ViewController.swift in Sources */ = {isa = PBXBuildFile; fileRef = 26E67F5D1EA7E6BC00DB8D26 /* ViewController.swift */; };
		26E67F611EA7E6BC00DB8D26 /* Main.storyboard in Resources */ = {isa = PBXBuildFile; fileRef = 26E67F5F1EA7E6BC00DB8D26 /* Main.storyboard */; };
		26E67F641EA7E6BC00DB8D26 /* test.xcdatamodeld in Sources */ = {isa = PBXBuildFile; fileRef = 26E67F621EA7E6BC00DB8D26 /* test.xcdatamodeld */; };
		26E67F661EA7E6BC00DB8D26 /* Assets.xcassets in Resources */ = {isa = PBXBuildFile; fileRef = 26E67F651EA7E6BC00DB8D26 /* Assets.xcassets */; };
		26E67F691EA7E6BC00DB8D26 /* LaunchScreen.storyboard in Resources */ = {isa = PBXBuildFile; fileRef = 26E67F671EA7E6BC00DB8D26 /* LaunchScreen.storyboard */; };
/* End PBXBuildFile section */

/* Begin PBXFileReference section */
		26E67F581EA7E6BC00DB8D26 /* test.app */ = {isa = PBXFileReference; explicitFileType = wrapper.application; includeInIndex = 0; path = test.app; sourceTree = BUILT_PRODUCTS_DIR; };
		26E67F5B1EA7E6BC00DB8D26 /* AppDelegate.swift */ = {isa = PBXFileReference; lastKnownFileType = sourcecode.swift; path = AppDelegate.swift; sourceTree = "<group>"; };
		26E67F5D1EA7E6BC00DB8D26 /* ViewController.swift */ = {isa = PBXFileReference; lastKnownFileType = sourcecode.swift; path = ViewController.swift; sourceTree = "<group>"; };
		26E67F601EA7E6BC00DB8D26 /* Base */ = {isa = PBXFileReference; lastKnownFileType = file.storyboard; name = Base; path = Base.lproj/Main.storyboard; sourceTree = "<group>"; };
		26E67F631EA7E6BC00DB8D26 /* test.xcdatamodel */ = {isa = PBXFileReference; lastKnownFileType = wrapper.xcdatamodel; path = test.xcdatamodel; sourceTree = "<group>"; };
		26E67F651EA7E6BC00DB8D26 /* Assets.xcassets */ = {isa = PBXFileReference; lastKnownFileType = folder.assetcatalog; path = Assets.xcassets; sourceTree = "<group>"; };
		26E67F681EA7E6BC00DB8D26 /* Base */ = {isa = PBXFileReference; lastKnownFileType = file.storyboard; name = Base; path = Base.lproj/LaunchScreen.storyboard; sourceTree = "<group>"; };
		26E67F6A1EA7E6BC00DB8D26 /* Info.plist */ = {isa = PBXFileReference; lastKnownFileType = text.plist.xml; path = Info.plist; sourceTree = "<group>"; };
/* End PBXFileReference section */

/* Begin PBXFrameworksBuildPhase section */
		26E67F551EA7E6BC00DB8D26 /* Frameworks */ = {
			isa = PBXFrameworksBuildPhase;
			buildActionMask = 2147483647;
			files = (
			);
			runOnlyForDeploymentPostprocessing = 0;
		};
/* End PBXFrameworksBuildPhase section */

/* Begin PBXGroup section */
		26E67F4F1EA7E6BC00DB8D26 = {
			isa = PBXGroup;
			children = (
				26E67F5A1EA7E6BC00DB8D26 /* test */,
				26E67F591EA7E6BC00DB8D26 /* Products */,
			);
			sourceTree = "<group>";
		};
		26E67F591EA7E6BC00DB8D26 /* Products */ = {
			isa = PBXGroup;
			children = (
				26E67F581EA7E6BC00DB8D26 /* test.app */,
			);
			name = Products;
			sourceTree = "<group>";
		};
		26E67F5A1EA7E6BC00DB8D26 /* test */ = {
			isa = PBXGroup;
			children = (
				26E67F5B1EA7E6BC00DB8D26 /* AppDelegate.swift */,
				26E67F5D1EA7E6BC00DB8D26 /* ViewController.swift */,
				26E67F5F1EA7E6BC00DB8D26 /* Main.storyboard */,
				26E67F651EA7E6BC00DB8D26 /* Assets.xcassets */,
				26E67F671EA7E6BC00DB8D26 /* LaunchScreen.storyboard */,
				26E67F6A1EA7E6BC00DB8D26 /* Info.plist */,
				26E67F621EA7E6BC00DB8D26 /* test.xcdatamodeld */,
			);
			path = test;
			sourceTree = "<group>";
		};
/* End PBXGroup section */

/* Begin PBXNativeTarget section */
		26E67F571EA7E6BC00DB8D26 /* test */ = {
			isa = PBXNativeTarget;
			buildConfigurationList = 26E67F6D1EA7E6BC00DB8D26 /* Build configuration list for PBXNativeTarget "test" */;
			buildPhases = (
				26E67F541EA7E6BC00DB8D26 /* Sources */,
				26E67F551EA7E6BC00DB8D26 /* Frameworks */,
				26E67F561EA7E6BC00DB8D26 /* Resources */,
			);
			buildRules = (
			);
			dependencies = (
			);
			name = test;
			productName = test;
			productReference = 26E67F581EA7E6BC00DB8D26 /* test.app */;
			productType = "com.apple.product-type.application";
		};
/* End PBXNativeTarget section */

/* Begin PBXProject section */
		26E67F501EA7E6BC00DB8D26 /* Project object */ = {
			isa = PBXProject;
			attributes = {
				LastSwiftUpdateCheck = 0830;
				LastUpgradeCheck = 0830;
				ORGANIZATIONNAME = "Maged Kasem";
				TargetAttributes = {
					26E67F571EA7E6BC00DB8D26 = {
						CreatedOnToolsVersion = 8.3.1;
						DevelopmentTeam = 6N79N5TMUW;
						ProvisioningStyle = Automatic;
					};
				};
			};
			buildConfigurationList = 26E67F531EA7E6BC00DB8D26 /* Build configuration list for PBXProject "test" */;
			compatibilityVersion = "Xcode 3.2";
			developmentRegion = English;
			hasScannedForEncodings = 0;
			knownRegions = (
				en,
				Base,
			);
			mainGroup = 26E67F4F1EA7E6BC00DB8D26;
			productRefGroup = 26E67F591EA7E6BC00DB8D26 /* Products */;
			projectDirPath = "";
			projectRoot = "";
			targets = (
				26E67F571EA7E6BC00DB8D26 /* test */,
			);
		};
/* End PBXProject section */

/* Begin PBXResourcesBuildPhase section */
		26E67F561EA7E6BC00DB8D26 /* Resources */ = {
			isa = PBXResourcesBuildPhase;
			buildActionMask = 2147483647;
			files = (
				26E67F691EA7E6BC00DB8D26 /* LaunchScreen.storyboard in Resources */,
				26E67F661EA7E6BC00DB8D26 /* Assets.xcassets in Resources */,
				26E67F611EA7E6BC00DB8D26 /* Main.storyboard in Resources */,
			);
			runOnlyForDeploymentPostprocessing = 0;
		};
/* End PBXResourcesBuildPhase section */

/* Begin PBXSourcesBuildPhase section */
		26E67F541EA7E6BC00DB8D26 /* Sources */ = {
			isa = PBXSourcesBuildPhase;
			buildActionMask = 2147483647;
			files = (
				26E67F5E1EA7E6BC00DB8D26 /* ViewController.swift in Sources */,
				26E67F5C1EA7E6BC00DB8D26 /* AppDelegate.swift in Sources */,
				26E67F641EA7E6BC00DB8D26 /* test.xcdatamodeld in Sources */,
			);
			runOnlyForDeploymentPostprocessing = 0;
		};
/* End PBXSourcesBuildPhase section */

/* Begin PBXVariantGroup section */
		26E67F5F1EA7E6BC00DB8D26 /* Main.storyboard */ = {
			isa = PBXVariantGroup;
			children = (
				26E67F601EA7E6BC00DB8D26 /* Base */,
			);
			name = Main.storyboard;
			sourceTree = "<group>";
		};
		26E67F671EA7E6BC00DB8D26 /* LaunchScreen.storyboard */ = {
			isa = PBXVariantGroup;
			children = (
				26E67F681EA7E6BC00DB8D26 /* Base */,
			);
			name = LaunchScreen.storyboard;
			sourceTree = "<group>";
		};
/* End PBXVariantGroup section */

/* Begin XCBuildConfiguration section */
		26E67F6B1EA7E6BC00DB8D26 /* Debug */ = {
			isa = XCBuildConfiguration;
			buildSettings = {
				ALWAYS_SEARCH_USER_PATHS = NO;
				CLANG_ANALYZER_NONNULL = YES;
				CLANG_ANALYZER_NUMBER_OBJECT_CONVERSION = YES_AGGRESSIVE;
				CLANG_CXX_LANGUAGE_STANDARD = "gnu++0x";
				CLANG_CXX_LIBRARY = "libc++";
				CLANG_ENABLE_MODULES = YES;
				CLANG_ENABLE_OBJC_ARC = YES;
				CLANG_WARN_BOOL_CONVERSION = YES;
				CLANG_WARN_CONSTANT_CONVERSION = YES;
				CLANG_WARN_DIRECT_OBJC_ISA_USAGE = YES_ERROR;
				CLANG_WARN_DOCUMENTATION_COMMENTS = YES;
				CLANG_WARN_EMPTY_BODY = YES;
				CLANG_WARN_ENUM_CONVERSION = YES;
				CLANG_WARN_INFINITE_RECURSION = YES;
				CLANG_WARN_INT_CONVERSION = YES;
				CLANG_WARN_OBJC_ROOT_CLASS = YES_ERROR;
				CLANG_WARN_SUSPICIOUS_MOVE = YES;
				CLANG_WARN_UNREACHABLE_CODE = YES;
				CLANG_WARN__DUPLICATE_METHOD_MATCH = YES;
				"CODE_SIGN_IDENTITY[sdk=iphoneos*]" = "iPhone Developer";
				COPY_PHASE_STRIP = NO;
				DEBUG_INFORMATION_FORMAT = dwarf;
				ENABLE_STRICT_OBJC_MSGSEND = YES;
				ENABLE_TESTABILITY = YES;
				GCC_C_LANGUAGE_STANDARD = gnu99;
				GCC_DYNAMIC_NO_PIC = NO;
				GCC_NO_COMMON_BLOCKS = YES;
				GCC_OPTIMIZATION_LEVEL = 0;
				GCC_PREPROCESSOR_DEFINITIONS = (
					"DEBUG=1",
					"$(inherited)",
				);
				GCC_WARN_64_TO_32_BIT_CONVERSION = YES;
				GCC_WARN_ABOUT_RETURN_TYPE = YES_ERROR;
				GCC_WARN_UNDECLARED_SELECTOR = YES;
				GCC_WARN_UNINITIALIZED_AUTOS = YES_AGGRESSIVE;
				GCC_WARN_UNUSED_FUNCTION = YES;
				GCC_WARN_UNUSED_VARIABLE = YES;
				IPHONEOS_DEPLOYMENT_TARGET = 10.3;
				MTL_ENABLE_DEBUG_INFO = YES;
				ONLY_ACTIVE_ARCH = YES;
				SDKROOT = iphoneos;
				SWIFT_ACTIVE_COMPILATION_CONDITIONS = DEBUG;
				SWIFT_OPTIMIZATION_LEVEL = "-Onone";
				TARGETED_DEVICE_FAMILY = "1,2";
			};
			name = Debug;
		};
		26E67F6C1EA7E6BC00DB8D26 /* Release */ = {
			isa = XCBuildConfiguration;
			buildSettings = {
				ALWAYS_SEARCH_USER_PATHS = NO;
				CLANG_ANALYZER_NONNULL = YES;
				CLANG_ANALYZER_NUMBER_OBJECT_CONVERSION = YES_AGGRESSIVE;
				CLANG_CXX_LANGUAGE_STANDARD = "gnu++0x";
				CLANG_CXX_LIBRARY = "libc++";
				CLANG_ENABLE_MODULES = YES;
				CLANG_ENABLE_OBJC_ARC = YES;
				CLANG_WARN_BOOL_CONVERSION = YES;
				CLANG_WARN_CONSTANT_CONVERSION = YES;
				CLANG_WARN_DIRECT_OBJC_ISA_USAGE = YES_ERROR;
				CLANG_WARN_DOCUMENTATION_COMMENTS = YES;
				CLANG_WARN_EMPTY_BODY = YES;
				CLANG_WARN_ENUM_CONVERSION = YES;
				CLANG_WARN_INFINITE_RECURSION = YES;
				CLANG_WARN_INT_CONVERSION = YES;
				CLANG_WARN_OBJC_ROOT_CLASS = YES_ERROR;
				CLANG_WARN_SUSPICIOUS_MOVE = YES;
				CLANG_WARN_UNREACHABLE_CODE = YES;
				CLANG_WARN__DUPLICATE_METHOD_MATCH = YES;
				"CODE_SIGN_IDENTITY[sdk=iphoneos*]" = "iPhone Developer";
				COPY_PHASE_STRIP = NO;
				DEBUG_INFORMATION_FORMAT = "dwarf-with-dsym";
				ENABLE_NS_ASSERTIONS = NO;
				ENABLE_STRICT_OBJC_MSGSEND = YES;
				GCC_C_LANGUAGE_STANDARD = gnu99;
				GCC_NO_COMMON_BLOCKS = YES;
				GCC_WARN_64_TO_32_BIT_CONVERSION = YES;
				GCC_WARN_ABOUT_RETURN_TYPE = YES_ERROR;
				GCC_WARN_UNDECLARED_SELECTOR = YES;
				GCC_WARN_UNINITIALIZED_AUTOS = YES_AGGRESSIVE;
				GCC_WARN_UNUSED_FUNCTION = YES;
				GCC_WARN_UNUSED_VARIABLE = YES;
				IPHONEOS_DEPLOYMENT_TARGET = 10.3;
				MTL_ENABLE_DEBUG_INFO = NO;
				SDKROOT = iphoneos;
				SWIFT_OPTIMIZATION_LEVEL = "-Owholemodule";
				TARGETED_DEVICE_FAMILY = "1,2";
				VALIDATE_PRODUCT = YES;
			};
			name = Release;
		};
		26E67F6E1EA7E6BC00DB8D26 /* Debug */ = {
			isa = XCBuildConfiguration;
			buildSettings = {
				ASSETCATALOG_COMPILER_APPICON_NAME = AppIcon;
				DEVELOPMENT_TEAM = 6N79N5TMUW;
				INFOPLIST_FILE = test/Info.plist;
				LD_RUNPATH_SEARCH_PATHS = "$(inherited) @executable_path/Frameworks";
				PRODUCT_BUNDLE_IDENTIFIER = Buying.test;
				PRODUCT_NAME = "$(TARGET_NAME)";
				SWIFT_VERSION = 3.0;
			};
			name = Debug;
		};
		26E67F6F1EA7E6BC00DB8D26 /* Release */ = {
			isa = XCBuildConfiguration;
			buildSettings = {
				ASSETCATALOG_COMPILER_APPICON_NAME = AppIcon;
				DEVELOPMENT_TEAM = 6N79N5TMUW;
				INFOPLIST_FILE = test/Info.plist;
				LD_RUNPATH_SEARCH_PATHS = "$(inherited) @executable_path/Frameworks";
				PRODUCT_BUNDLE_IDENTIFIER = Buying.test;
				PRODUCT_NAME = "$(TARGET_NAME)";
				SWIFT_VERSION = 3.0;
			};
			name = Release;
		};
/* End XCBuildConfiguration section */

/* Begin XCConfigurationList section */
		26E67F531EA7E6BC00DB8D26 /* Build configuration list for PBXProject "test" */ = {
			isa = XCConfigurationList;
			buildConfigurations = (
				26E67F6B1EA7E6BC00DB8D26 /* Debug */,
				26E67F6C1EA7E6BC00DB8D26 /* Release */,
			);
			defaultConfigurationIsVisible = 0;
			defaultConfigurationName = Release;
		};
		26E67F6D1EA7E6BC00DB8D26 /* Build configuration list for PBXNativeTarget "test" */ = {
			isa = XCConfigurationList;
			buildConfigurations = (
				26E67F6E1EA7E6BC00DB8D26 /* Debug */,
				26E67F6F1EA7E6BC00DB8D26 /* Release */,
			);
			defaultConfigurationIsVisible = 0;
		};
/* End XCConfigurationList section */

/* Begin XCVersionGroup section */
		26E67F621EA7E6BC00DB8D26 /* test.xcdatamodeld */ = {
			isa = XCVersionGroup;
			children = (
				26E67F631EA7E6BC00DB8D26 /* test.xcdatamodel */,
			);
			currentVersion = 26E67F631EA7E6BC00DB8D26 /* test.xcdatamodel */;
			path = test.xcdatamodeld;
			sourceTree = "<group>";
			versionGroupType = wrapper.xcdatamodel;
		};
/* End XCVersionGroup section */
	};
	rootObject = 26E67F501EA7E6BC00DB8D26 /* Project object */;
}
