// !$*UTF8*$!
{
	archiveVersion = 1;
	classes = {
	};
	objectVersion = 46;
	objects = {

/* Begin PBXBuildFile section */
		26120C7C1E98E5E0008C4F84 /* AppDelegate.swift in Sources */ = {isa = PBXBuildFile; fileRef = 26120C7B1E98E5E0008C4F84 /* AppDelegate.swift */; };
		26120C7E1E98E5E0008C4F84 /* ViewController.swift in Sources */ = {isa = PBXBuildFile; fileRef = 26120C7D1E98E5E0008C4F84 /* ViewController.swift */; };
		26120C811E98E5E0008C4F84 /* Main.storyboard in Resources */ = {isa = PBXBuildFile; fileRef = 26120C7F1E98E5E0008C4F84 /* Main.storyboard */; };
		26120C831E98E5E0008C4F84 /* Assets.xcassets in Resources */ = {isa = PBXBuildFile; fileRef = 26120C821E98E5E0008C4F84 /* Assets.xcassets */; };
		26120C861E98E5E0008C4F84 /* LaunchScreen.storyboard in Resources */ = {isa = PBXBuildFile; fileRef = 26120C841E98E5E0008C4F84 /* LaunchScreen.storyboard */; };
		265D08D31E9E935E00D2D88F /* AboutViewController.swift in Sources */ = {isa = PBXBuildFile; fileRef = 265D08D21E9E935E00D2D88F /* AboutViewController.swift */; };
		266BA4901E9E975000F1EDC9 /* BullsEye.html in Resources */ = {isa = PBXBuildFile; fileRef = 266BA48F1E9E975000F1EDC9 /* BullsEye.html */; };
/* End PBXBuildFile section */

/* Begin PBXFileReference section */
		26120C781E98E5E0008C4F84 /* Bull’sEye.app */ = {isa = PBXFileReference; explicitFileType = wrapper.application; includeInIndex = 0; path = "Bull’sEye.app"; sourceTree = BUILT_PRODUCTS_DIR; };
		26120C7B1E98E5E0008C4F84 /* AppDelegate.swift */ = {isa = PBXFileReference; lastKnownFileType = sourcecode.swift; path = AppDelegate.swift; sourceTree = "<group>"; };
		26120C7D1E98E5E0008C4F84 /* ViewController.swift */ = {isa = PBXFileReference; lastKnownFileType = sourcecode.swift; path = ViewController.swift; sourceTree = "<group>"; };
		26120C801E98E5E0008C4F84 /* Base */ = {isa = PBXFileReference; lastKnownFileType = file.storyboard; name = Base; path = Base.lproj/Main.storyboard; sourceTree = "<group>"; };
		26120C821E98E5E0008C4F84 /* Assets.xcassets */ = {isa = PBXFileReference; lastKnownFileType = folder.assetcatalog; path = Assets.xcassets; sourceTree = "<group>"; };
		26120C851E98E5E0008C4F84 /* Base */ = {isa = PBXFileReference; lastKnownFileType = file.storyboard; name = Base; path = Base.lproj/LaunchScreen.storyboard; sourceTree = "<group>"; };
		26120C871E98E5E0008C4F84 /* Info.plist */ = {isa = PBXFileReference; lastKnownFileType = text.plist.xml; path = Info.plist; sourceTree = "<group>"; };
		265D08D21E9E935E00D2D88F /* AboutViewController.swift */ = {isa = PBXFileReference; fileEncoding = 4; lastKnownFileType = sourcecode.swift; path = AboutViewController.swift; sourceTree = "<group>"; };
		266BA48F1E9E975000F1EDC9 /* BullsEye.html */ = {isa = PBXFileReference; fileEncoding = 4; lastKnownFileType = text.html; path = BullsEye.html; sourceTree = "<group>"; };
/* End PBXFileReference section */

/* Begin PBXFrameworksBuildPhase section */
		26120C751E98E5E0008C4F84 /* Frameworks */ = {
			isa = PBXFrameworksBuildPhase;
			buildActionMask = 2147483647;
			files = (
			);
			runOnlyForDeploymentPostprocessing = 0;
		};
/* End PBXFrameworksBuildPhase section */

/* Begin PBXGroup section */
		26120C6F1E98E5E0008C4F84 = {
			isa = PBXGroup;
			children = (
				26120C7A1E98E5E0008C4F84 /* Bull’sEye */,
				26120C791E98E5E0008C4F84 /* Products */,
			);
			sourceTree = "<group>";
		};
		26120C791E98E5E0008C4F84 /* Products */ = {
			isa = PBXGroup;
			children = (
				26120C781E98E5E0008C4F84 /* Bull’sEye.app */,
			);
			name = Products;
			sourceTree = "<group>";
		};
		26120C7A1E98E5E0008C4F84 /* Bull’sEye */ = {
			isa = PBXGroup;
			children = (
				26120C7B1E98E5E0008C4F84 /* AppDelegate.swift */,
				26120C7D1E98E5E0008C4F84 /* ViewController.swift */,
				26120C7F1E98E5E0008C4F84 /* Main.storyboard */,
				265D08D21E9E935E00D2D88F /* AboutViewController.swift */,
				26120C821E98E5E0008C4F84 /* Assets.xcassets */,
				26120C841E98E5E0008C4F84 /* LaunchScreen.storyboard */,
				26120C871E98E5E0008C4F84 /* Info.plist */,
				266BA48F1E9E975000F1EDC9 /* BullsEye.html */,
			);
			path = "Bull’sEye";
			sourceTree = "<group>";
		};
/* End PBXGroup section */

/* Begin PBXNativeTarget section */
		26120C771E98E5E0008C4F84 /* Bull’sEye */ = {
			isa = PBXNativeTarget;
			buildConfigurationList = 26120C8A1E98E5E0008C4F84 /* Build configuration list for PBXNativeTarget "Bull’sEye" */;
			buildPhases = (
				26120C741E98E5E0008C4F84 /* Sources */,
				26120C751E98E5E0008C4F84 /* Frameworks */,
				26120C761E98E5E0008C4F84 /* Resources */,
			);
			buildRules = (
			);
			dependencies = (
			);
			name = "Bull’sEye";
			productName = "Bull’sEye";
			productReference = 26120C781E98E5E0008C4F84 /* Bull’sEye.app */;
			productType = "com.apple.product-type.application";
		};
/* End PBXNativeTarget section */

/* Begin PBXProject section */
		26120C701E98E5E0008C4F84 /* Project object */ = {
			isa = PBXProject;
			attributes = {
				LastSwiftUpdateCheck = 0830;
				LastUpgradeCheck = 0830;
				ORGANIZATIONNAME = "Maged Kasem";
				TargetAttributes = {
					26120C771E98E5E0008C4F84 = {
						CreatedOnToolsVersion = 8.3;
						DevelopmentTeam = T47Z6622D8;
						ProvisioningStyle = Automatic;
					};
				};
			};
			buildConfigurationList = 26120C731E98E5E0008C4F84 /* Build configuration list for PBXProject "Bull’sEye" */;
			compatibilityVersion = "Xcode 3.2";
			developmentRegion = English;
			hasScannedForEncodings = 0;
			knownRegions = (
				en,
				Base,
			);
			mainGroup = 26120C6F1E98E5E0008C4F84;
			productRefGroup = 26120C791E98E5E0008C4F84 /* Products */;
			projectDirPath = "";
			projectRoot = "";
			targets = (
				26120C771E98E5E0008C4F84 /* Bull’sEye */,
			);
		};
/* End PBXProject section */

/* Begin PBXResourcesBuildPhase section */
		26120C761E98E5E0008C4F84 /* Resources */ = {
			isa = PBXResourcesBuildPhase;
			buildActionMask = 2147483647;
			files = (
				26120C861E98E5E0008C4F84 /* LaunchScreen.storyboard in Resources */,
				266BA4901E9E975000F1EDC9 /* BullsEye.html in Resources */,
				26120C831E98E5E0008C4F84 /* Assets.xcassets in Resources */,
				26120C811E98E5E0008C4F84 /* Main.storyboard in Resources */,
			);
			runOnlyForDeploymentPostprocessing = 0;
		};
/* End PBXResourcesBuildPhase section */

/* Begin PBXSourcesBuildPhase section */
		26120C741E98E5E0008C4F84 /* Sources */ = {
			isa = PBXSourcesBuildPhase;
			buildActionMask = 2147483647;
			files = (
				265D08D31E9E935E00D2D88F /* AboutViewController.swift in Sources */,
				26120C7E1E98E5E0008C4F84 /* ViewController.swift in Sources */,
				26120C7C1E98E5E0008C4F84 /* AppDelegate.swift in Sources */,
			);
			runOnlyForDeploymentPostprocessing = 0;
		};
/* End PBXSourcesBuildPhase section */

/* Begin PBXVariantGroup section */
		26120C7F1E98E5E0008C4F84 /* Main.storyboard */ = {
			isa = PBXVariantGroup;
			children = (
				26120C801E98E5E0008C4F84 /* Base */,
			);
			name = Main.storyboard;
			sourceTree = "<group>";
		};
		26120C841E98E5E0008C4F84 /* LaunchScreen.storyboard */ = {
			isa = PBXVariantGroup;
			children = (
				26120C851E98E5E0008C4F84 /* Base */,
			);
			name = LaunchScreen.storyboard;
			sourceTree = "<group>";
		};
/* End PBXVariantGroup section */

/* Begin XCBuildConfiguration section */
		26120C881E98E5E0008C4F84 /* Debug */ = {
			isa = XCBuildConfiguration;
			buildSettings = {
				ALWAYS_SEARCH_USER_PATHS = NO;
				CLANG_ANALYZER_NONNULL = YES;
				CLANG_ANALYZER_NUMBER_OBJECT_CONVERSION = YES_AGGRESSIVE;
				CLANG_CXX_LANGUAGE_STANDARD = "gnu++0x";
				CLANG_CXX_LIBRARY = "libc++";
				CLANG_ENABLE_MODULES = YES;
				CLANG_ENABLE_OBJC_ARC = YES;
				CLANG_WARN_BOOL_CONVERSION = YES;
				CLANG_WARN_CONSTANT_CONVERSION = YES;
				CLANG_WARN_DIRECT_OBJC_ISA_USAGE = YES_ERROR;
				CLANG_WARN_DOCUMENTATION_COMMENTS = YES;
				CLANG_WARN_EMPTY_BODY = YES;
				CLANG_WARN_ENUM_CONVERSION = YES;
				CLANG_WARN_INFINITE_RECURSION = YES;
				CLANG_WARN_INT_CONVERSION = YES;
				CLANG_WARN_OBJC_ROOT_CLASS = YES_ERROR;
				CLANG_WARN_SUSPICIOUS_MOVE = YES;
				CLANG_WARN_UNREACHABLE_CODE = YES;
				CLANG_WARN__DUPLICATE_METHOD_MATCH = YES;
				"CODE_SIGN_IDENTITY[sdk=iphoneos*]" = "iPhone Developer";
				COPY_PHASE_STRIP = NO;
				DEBUG_INFORMATION_FORMAT = dwarf;
				ENABLE_STRICT_OBJC_MSGSEND = YES;
				ENABLE_TESTABILITY = YES;
				GCC_C_LANGUAGE_STANDARD = gnu99;
				GCC_DYNAMIC_NO_PIC = NO;
				GCC_NO_COMMON_BLOCKS = YES;
				GCC_OPTIMIZATION_LEVEL = 0;
				GCC_PREPROCESSOR_DEFINITIONS = (
					"DEBUG=1",
					"$(inherited)",
				);
				GCC_WARN_64_TO_32_BIT_CONVERSION = YES;
				GCC_WARN_ABOUT_RETURN_TYPE = YES_ERROR;
				GCC_WARN_UNDECLARED_SELECTOR = YES;
				GCC_WARN_UNINITIALIZED_AUTOS = YES_AGGRESSIVE;
				GCC_WARN_UNUSED_FUNCTION = YES;
				GCC_WARN_UNUSED_VARIABLE = YES;
				IPHONEOS_DEPLOYMENT_TARGET = 10.3;
				MTL_ENABLE_DEBUG_INFO = YES;
				ONLY_ACTIVE_ARCH = YES;
				SDKROOT = iphoneos;
				SWIFT_ACTIVE_COMPILATION_CONDITIONS = DEBUG;
				SWIFT_OPTIMIZATION_LEVEL = "-Onone";
				TARGETED_DEVICE_FAMILY = "1,2";
			};
			name = Debug;
		};
		26120C891E98E5E0008C4F84 /* Release */ = {
			isa = XCBuildConfiguration;
			buildSettings = {
				ALWAYS_SEARCH_USER_PATHS = NO;
				CLANG_ANALYZER_NONNULL = YES;
				CLANG_ANALYZER_NUMBER_OBJECT_CONVERSION = YES_AGGRESSIVE;
				CLANG_CXX_LANGUAGE_STANDARD = "gnu++0x";
				CLANG_CXX_LIBRARY = "libc++";
				CLANG_ENABLE_MODULES = YES;
				CLANG_ENABLE_OBJC_ARC = YES;
				CLANG_WARN_BOOL_CONVERSION = YES;
				CLANG_WARN_CONSTANT_CONVERSION = YES;
				CLANG_WARN_DIRECT_OBJC_ISA_USAGE = YES_ERROR;
				CLANG_WARN_DOCUMENTATION_COMMENTS = YES;
				CLANG_WARN_EMPTY_BODY = YES;
				CLANG_WARN_ENUM_CONVERSION = YES;
				CLANG_WARN_INFINITE_RECURSION = YES;
				CLANG_WARN_INT_CONVERSION = YES;
				CLANG_WARN_OBJC_ROOT_CLASS = YES_ERROR;
				CLANG_WARN_SUSPICIOUS_MOVE = YES;
				CLANG_WARN_UNREACHABLE_CODE = YES;
				CLANG_WARN__DUPLICATE_METHOD_MATCH = YES;
				"CODE_SIGN_IDENTITY[sdk=iphoneos*]" = "iPhone Developer";
				COPY_PHASE_STRIP = NO;
				DEBUG_INFORMATION_FORMAT = "dwarf-with-dsym";
				ENABLE_NS_ASSERTIONS = NO;
				ENABLE_STRICT_OBJC_MSGSEND = YES;
				GCC_C_LANGUAGE_STANDARD = gnu99;
				GCC_NO_COMMON_BLOCKS = YES;
				GCC_WARN_64_TO_32_BIT_CONVERSION = YES;
				GCC_WARN_ABOUT_RETURN_TYPE = YES_ERROR;
				GCC_WARN_UNDECLARED_SELECTOR = YES;
				GCC_WARN_UNINITIALIZED_AUTOS = YES_AGGRESSIVE;
				GCC_WARN_UNUSED_FUNCTION = YES;
				GCC_WARN_UNUSED_VARIABLE = YES;
				IPHONEOS_DEPLOYMENT_TARGET = 10.3;
				MTL_ENABLE_DEBUG_INFO = NO;
				SDKROOT = iphoneos;
				SWIFT_OPTIMIZATION_LEVEL = "-Owholemodule";
				TARGETED_DEVICE_FAMILY = "1,2";
				VALIDATE_PRODUCT = YES;
			};
			name = Release;
		};
		26120C8B1E98E5E0008C4F84 /* Debug */ = {
			isa = XCBuildConfiguration;
			buildSettings = {
				ASSETCATALOG_COMPILER_APPICON_NAME = AppIcon;
				DEVELOPMENT_TEAM = T47Z6622D8;
				INFOPLIST_FILE = "Bull’sEye/Info.plist";
				LD_RUNPATH_SEARCH_PATHS = "$(inherited) @executable_path/Frameworks";
				PRODUCT_BUNDLE_IDENTIFIER = "Simple.Bull-sEye";
				PRODUCT_NAME = "$(TARGET_NAME)";
				SWIFT_VERSION = 3.0;
				TARGETED_DEVICE_FAMILY = "1,2";
			};
			name = Debug;
		};
		26120C8C1E98E5E0008C4F84 /* Release */ = {
			isa = XCBuildConfiguration;
			buildSettings = {
				ASSETCATALOG_COMPILER_APPICON_NAME = AppIcon;
				DEVELOPMENT_TEAM = T47Z6622D8;
				INFOPLIST_FILE = "Bull’sEye/Info.plist";
				LD_RUNPATH_SEARCH_PATHS = "$(inherited) @executable_path/Frameworks";
				PRODUCT_BUNDLE_IDENTIFIER = "Simple.Bull-sEye";
				PRODUCT_NAME = "$(TARGET_NAME)";
				SWIFT_VERSION = 3.0;
				TARGETED_DEVICE_FAMILY = "1,2";
			};
			name = Release;
		};
/* End XCBuildConfiguration section */

/* Begin XCConfigurationList section */
		26120C731E98E5E0008C4F84 /* Build configuration list for PBXProject "Bull’sEye" */ = {
			isa = XCConfigurationList;
			buildConfigurations = (
				26120C881E98E5E0008C4F84 /* Debug */,
				26120C891E98E5E0008C4F84 /* Release */,
			);
			defaultConfigurationIsVisible = 0;
			defaultConfigurationName = Release;
		};
		26120C8A1E98E5E0008C4F84 /* Build configuration list for PBXNativeTarget "Bull’sEye" */ = {
			isa = XCConfigurationList;
			buildConfigurations = (
				26120C8B1E98E5E0008C4F84 /* Debug */,
				26120C8C1E98E5E0008C4F84 /* Release */,
			);
			defaultConfigurationIsVisible = 0;
			defaultConfigurationName = Release;
		};
/* End XCConfigurationList section */
	};
	rootObject = 26120C701E98E5E0008C4F84 /* Project object */;
}
